
Microsoft Visual Studio Solution File, Format Version 12.00
# Visual Studio 15
VisualStudioVersion = 15.0.36123.18
MinimumVisualStudioVersion = 10.0.40219.1
Project("{00D1A9C2-B5F0-4AF3-8072-F6C62B433612}") = "InvontoryManagement", "InvontoryManagement\InvontoryManagement.sqlproj", "{57103A18-A18A-46D0-8150-BAD25AA1CF5E}"
EndProject
Global
	GlobalSection(SolutionConfigurationPlatforms) = preSolution
		Debug|Any CPU = Debug|Any CPU
		Release|Any CPU = Release|Any CPU
	EndGlobalSection
	GlobalSection(ProjectConfigurationPlatforms) = postSolution
		{57103A18-A18A-46D0-8150-BAD25AA1CF5E}.Debug|Any CPU.ActiveCfg = Debug|Any CPU
		{57103A18-A18A-46D0-8150-BAD25AA1CF5E}.Debug|Any CPU.Build.0 = Debug|Any CPU
		{57103A18-A18A-46D0-8150-BAD25AA1CF5E}.Debug|Any CPU.Deploy.0 = Debug|Any CPU
		{57103A18-A18A-46D0-8150-BAD25AA1CF5E}.Release|Any CPU.ActiveCfg = Release|Any CPU
		{57103A18-A18A-46D0-8150-BAD25AA1CF5E}.Release|Any CPU.Build.0 = Release|Any CPU
		{57103A18-A18A-46D0-8150-BAD25AA1CF5E}.Release|Any CPU.Deploy.0 = Release|Any CPU
	EndGlobalSection
	GlobalSection(SolutionProperties) = preSolution
		HideSolutionNode = FALSE
	EndGlobalSection
	GlobalSection(ExtensibilityGlobals) = postSolution
		SolutionGuid = {06DD1546-7184-4112-AD80-DB580CEE572C}
	EndGlobalSection
EndGlobal
